// !$*UTF8*$!
{
	archiveVersion = 1;
	classes = {
	};
	objectVersion = 46;
	objects = {

/* Begin PBXBuildFile section */
		BC98D8541D90CF9A00E3144F /* AppDelegate.swift in Sources */ = {isa = PBXBuildFile; fileRef = BC98D8531D90CF9A00E3144F /* AppDelegate.swift */; };
		BC98D8561D90CF9A00E3144F /* ViewController.swift in Sources */ = {isa = PBXBuildFile; fileRef = BC98D8551D90CF9A00E3144F /* ViewController.swift */; };
		BC98D8591D90CF9A00E3144F /* Main.storyboard in Resources */ = {isa = PBXBuildFile; fileRef = BC98D8571D90CF9A00E3144F /* Main.storyboard */; };
		BC98D85B1D90CF9A00E3144F /* Assets.xcassets in Resources */ = {isa = PBXBuildFile; fileRef = BC98D85A1D90CF9A00E3144F /* Assets.xcassets */; };
		BC98D85E1D90CF9A00E3144F /* LaunchScreen.storyboard in Resources */ = {isa = PBXBuildFile; fileRef = BC98D85C1D90CF9A00E3144F /* LaunchScreen.storyboard */; };
/* End PBXBuildFile section */

/* Begin PBXFileReference section */
		BC98D8501D90CF9A00E3144F /* GitDemo.app */ = {isa = PBXFileReference; explicitFileType = wrapper.application; includeInIndex = 0; path = GitDemo.app; sourceTree = BUILT_PRODUCTS_DIR; };
		BC98D8531D90CF9A00E3144F /* AppDelegate.swift */ = {isa = PBXFileReference; lastKnownFileType = sourcecode.swift; path = AppDelegate.swift; sourceTree = "<group>"; };
		BC98D8551D90CF9A00E3144F /* ViewController.swift */ = {isa = PBXFileReference; lastKnownFileType = sourcecode.swift; path = ViewController.swift; sourceTree = "<group>"; };
		BC98D8581D90CF9A00E3144F /* Base */ = {isa = PBXFileReference; lastKnownFileType = file.storyboard; name = Base; path = Base.lproj/Main.storyboard; sourceTree = "<group>"; };
		BC98D85A1D90CF9A00E3144F /* Assets.xcassets */ = {isa = PBXFileReference; lastKnownFileType = folder.assetcatalog; path = Assets.xcassets; sourceTree = "<group>"; };
		BC98D85D1D90CF9A00E3144F /* Base */ = {isa = PBXFileReference; lastKnownFileType = file.storyboard; name = Base; path = Base.lproj/LaunchScreen.storyboard; sourceTree = "<group>"; };
		BC98D85F1D90CF9A00E3144F /* Info.plist */ = {isa = PBXFileReference; lastKnownFileType = text.plist.xml; path = Info.plist; sourceTree = "<group>"; };
/* End PBXFileReference section */

/* Begin PBXFrameworksBuildPhase section */
		BC98D84D1D90CF9A00E3144F /* Frameworks */ = {
			isa = PBXFrameworksBuildPhase;
			buildActionMask = 2147483647;
			files = (
			);
			runOnlyForDeploymentPostprocessing = 0;
		};
/* End PBXFrameworksBuildPhase section */

/* Begin PBXGroup section */
		BC98D8471D90CF9A00E3144F = {
			isa = PBXGroup;
			children = (
				BC98D8521D90CF9A00E3144F /* GitDemo */,
				BC98D8511D90CF9A00E3144F /* Products */,
			);
			sourceTree = "<group>";
		};
		BC98D8511D90CF9A00E3144F /* Products */ = {
			isa = PBXGroup;
			children = (
				BC98D8501D90CF9A00E3144F /* GitDemo.app */,
			);
			name = Products;
			sourceTree = "<group>";
		};
		BC98D8521D90CF9A00E3144F /* GitDemo */ = {
			isa = PBXGroup;
			children = (
				BC98D8531D90CF9A00E3144F /* AppDelegate.swift */,
				BC98D8551D90CF9A00E3144F /* ViewController.swift */,
				BC98D8571D90CF9A00E3144F /* Main.storyboard */,
				BC98D85A1D90CF9A00E3144F /* Assets.xcassets */,
				BC98D85C1D90CF9A00E3144F /* LaunchScreen.storyboard */,
				BC98D85F1D90CF9A00E3144F /* Info.plist */,
			);
			path = GitDemo;
			sourceTree = "<group>";
		};
/* End PBXGroup section */

/* Begin PBXNativeTarget section */
		BC98D84F1D90CF9A00E3144F /* GitDemo */ = {
			isa = PBXNativeTarget;
			buildConfigurationList = BC98D8621D90CF9A00E3144F /* Build configuration list for PBXNativeTarget "GitDemo" */;
			buildPhases = (
				BC98D84C1D90CF9A00E3144F /* Sources */,
				BC98D84D1D90CF9A00E3144F /* Frameworks */,
				BC98D84E1D90CF9A00E3144F /* Resources */,
			);
			buildRules = (
			);
			dependencies = (
			);
			name = GitDemo;
			productName = GitDemo;
			productReference = BC98D8501D90CF9A00E3144F /* GitDemo.app */;
			productType = "com.apple.product-type.application";
		};
/* End PBXNativeTarget section */

/* Begin PBXProject section */
		BC98D8481D90CF9A00E3144F /* Project object */ = {
			isa = PBXProject;
			attributes = {
				LastSwiftUpdateCheck = 0730;
				LastUpgradeCheck = 0730;
				ORGANIZATIONNAME = qianfeng;
				TargetAttributes = {
					BC98D84F1D90CF9A00E3144F = {
						CreatedOnToolsVersion = 7.3;
					};
				};
			};
			buildConfigurationList = BC98D84B1D90CF9A00E3144F /* Build configuration list for PBXProject "GitDemo" */;
			compatibilityVersion = "Xcode 3.2";
			developmentRegion = English;
			hasScannedForEncodings = 0;
			knownRegions = (
				en,
				Base,
			);
			mainGroup = BC98D8471D90CF9A00E3144F;
			productRefGroup = BC98D8511D90CF9A00E3144F /* Products */;
			projectDirPath = "";
			projectRoot = "";
			targets = (
				BC98D84F1D90CF9A00E3144F /* GitDemo */,
			);
		};
/* End PBXProject section */

/* Begin PBXResourcesBuildPhase section */
		BC98D84E1D90CF9A00E3144F /* Resources */ = {
			isa = PBXResourcesBuildPhase;
			buildActionMask = 2147483647;
			files = (
				BC98D85E1D90CF9A00E3144F /* LaunchScreen.storyboard in Resources */,
				BC98D85B1D90CF9A00E3144F /* Assets.xcassets in Resources */,
				BC98D8591D90CF9A00E3144F /* Main.storyboard in Resources */,
			);
			runOnlyForDeploymentPostprocessing = 0;
		};
/* End PBXResourcesBuildPhase section */

/* Begin PBXSourcesBuildPhase section */
		BC98D84C1D90CF9A00E3144F /* Sources */ = {
			isa = PBXSourcesBuildPhase;
			buildActionMask = 2147483647;
			files = (
				BC98D8561D90CF9A00E3144F /* ViewController.swift in Sources */,
				BC98D8541D90CF9A00E3144F /* AppDelegate.swift in Sources */,
			);
			runOnlyForDeploymentPostprocessing = 0;
		};
/* End PBXSourcesBuildPhase section */

/* Begin PBXVariantGroup section */
		BC98D8571D90CF9A00E3144F /* Main.storyboard */ = {
			isa = PBXVariantGroup;
			children = (
				BC98D8581D90CF9A00E3144F /* Base */,
			);
			name = Main.storyboard;
			sourceTree = "<group>";
		};
		BC98D85C1D90CF9A00E3144F /* LaunchScreen.storyboard */ = {
			isa = PBXVariantGroup;
			children = (
				BC98D85D1D90CF9A00E3144F /* Base */,
			);
			name = LaunchScreen.storyboard;
			sourceTree = "<group>";
		};
/* End PBXVariantGroup section */

/* Begin XCBuildConfiguration section */
		BC98D8601D90CF9A00E3144F /* Debug */ = {
			isa = XCBuildConfiguration;
			buildSettings = {
				ALWAYS_SEARCH_USER_PATHS = NO;
				CLANG_ANALYZER_NONNULL = YES;
				CLANG_CXX_LANGUAGE_STANDARD = "gnu++0x";
				CLANG_CXX_LIBRARY = "libc++";
				CLANG_ENABLE_MODULES = YES;
				CLANG_ENABLE_OBJC_ARC = YES;
				CLANG_WARN_BOOL_CONVERSION = YES;
				CLANG_WARN_CONSTANT_CONVERSION = YES;
				CLANG_WARN_DIRECT_OBJC_ISA_USAGE = YES_ERROR;
				CLANG_WARN_EMPTY_BODY = YES;
				CLANG_WARN_ENUM_CONVERSION = YES;
				CLANG_WARN_INT_CONVERSION = YES;
				CLANG_WARN_OBJC_ROOT_CLASS = YES_ERROR;
				CLANG_WARN_UNREACHABLE_CODE = YES;
				CLANG_WARN__DUPLICATE_METHOD_MATCH = YES;
				"CODE_SIGN_IDENTITY[sdk=iphoneos*]" = "iPhone Developer";
				COPY_PHASE_STRIP = NO;
				DEBUG_INFORMATION_FORMAT = dwarf;
				ENABLE_STRICT_OBJC_MSGSEND = YES;
				ENABLE_TESTABILITY = YES;
				GCC_C_LANGUAGE_STANDARD = gnu99;
				GCC_DYNAMIC_NO_PIC = NO;
				GCC_NO_COMMON_BLOCKS = YES;
				GCC_OPTIMIZATION_LEVEL = 0;
				GCC_PREPROCESSOR_DEFINITIONS = (
					"DEBUG=1",
					"$(inherited)",
				);
				GCC_WARN_64_TO_32_BIT_CONVERSION = YES;
				GCC_WARN_ABOUT_RETURN_TYPE = YES_ERROR;
				GCC_WARN_UNDECLARED_SELECTOR = YES;
				GCC_WARN_UNINITIALIZED_AUTOS = YES_AGGRESSIVE;
				GCC_WARN_UNUSED_FUNCTION = YES;
				GCC_WARN_UNUSED_VARIABLE = YES;
				IPHONEOS_DEPLOYMENT_TARGET = 9.3;
				MTL_ENABLE_DEBUG_INFO = YES;
				ONLY_ACTIVE_ARCH = YES;
				SDKROOT = iphoneos;
				SWIFT_OPTIMIZATION_LEVEL = "-Onone";
			};
			name = Debug;
		};
		BC98D8611D90CF9A00E3144F /* Release */ = {
			isa = XCBuildConfiguration;
			buildSettings = {
				ALWAYS_SEARCH_USER_PATHS = NO;
				CLANG_ANALYZER_NONNULL = YES;
				CLANG_CXX_LANGUAGE_STANDARD = "gnu++0x";
				CLANG_CXX_LIBRARY = "libc++";
				CLANG_ENABLE_MODULES = YES;
				CLANG_ENABLE_OBJC_ARC = YES;
				CLANG_WARN_BOOL_CONVERSION = YES;
				CLANG_WARN_CONSTANT_CONVERSION = YES;
				CLANG_WARN_DIRECT_OBJC_ISA_USAGE = YES_ERROR;
				CLANG_WARN_EMPTY_BODY = YES;
				CLANG_WARN_ENUM_CONVERSION = YES;
				CLANG_WARN_INT_CONVERSION = YES;
				CLANG_WARN_OBJC_ROOT_CLASS = YES_ERROR;
				CLANG_WARN_UNREACHABLE_CODE = YES;
				CLANG_WARN__DUPLICATE_METHOD_MATCH = YES;
				"CODE_SIGN_IDENTITY[sdk=iphoneos*]" = "iPhone Developer";
				COPY_PHASE_STRIP = NO;
				DEBUG_INFORMATION_FORMAT = "dwarf-with-dsym";
				ENABLE_NS_ASSERTIONS = NO;
				ENABLE_STRICT_OBJC_MSGSEND = YES;
				GCC_C_LANGUAGE_STANDARD = gnu99;
				GCC_NO_COMMON_BLOCKS = YES;
				GCC_WARN_64_TO_32_BIT_CONVERSION = YES;
				GCC_WARN_ABOUT_RETURN_TYPE = YES_ERROR;
				GCC_WARN_UNDECLARED_SELECTOR = YES;
				GCC_WARN_UNINITIALIZED_AUTOS = YES_AGGRESSIVE;
				GCC_WARN_UNUSED_FUNCTION = YES;
				GCC_WARN_UNUSED_VARIABLE = YES;
				IPHONEOS_DEPLOYMENT_TARGET = 9.3;
				MTL_ENABLE_DEBUG_INFO = NO;
				SDKROOT = iphoneos;
				VALIDATE_PRODUCT = YES;
			};
			name = Release;
		};
		BC98D8631D90CF9A00E3144F /* Debug */ = {
			isa = XCBuildConfiguration;
			buildSettings = {
				ASSETCATALOG_COMPILER_APPICON_NAME = AppIcon;
				INFOPLIST_FILE = GitDemo/Info.plist;
				LD_RUNPATH_SEARCH_PATHS = "$(inherited) @executable_path/Frameworks";
				PRODUCT_BUNDLE_IDENTIFIER = qianfeng.GitDemo;
				PRODUCT_NAME = "$(TARGET_NAME)";
			};
			name = Debug;
		};
		BC98D8641D90CF9A00E3144F /* Release */ = {
			isa = XCBuildConfiguration;
			buildSettings = {
				ASSETCATALOG_COMPILER_APPICON_NAME = AppIcon;
				INFOPLIST_FILE = GitDemo/Info.plist;
				LD_RUNPATH_SEARCH_PATHS = "$(inherited) @executable_path/Frameworks";
				PRODUCT_BUNDLE_IDENTIFIER = qianfeng.GitDemo;
				PRODUCT_NAME = "$(TARGET_NAME)";
			};
			name = Release;
		};
/* End XCBuildConfiguration section */

/* Begin XCConfigurationList section */
		BC98D84B1D90CF9A00E3144F /* Build configuration list for PBXProject "GitDemo" */ = {
			isa = XCConfigurationList;
			buildConfigurations = (
				BC98D8601D90CF9A00E3144F /* Debug */,
				BC98D8611D90CF9A00E3144F /* Release */,
			);
			defaultConfigurationIsVisible = 0;
			defaultConfigurationName = Release;
		};
		BC98D8621D90CF9A00E3144F /* Build configuration list for PBXNativeTarget "GitDemo" */ = {
			isa = XCConfigurationList;
			buildConfigurations = (
				BC98D8631D90CF9A00E3144F /* Debug */,
				BC98D8641D90CF9A00E3144F /* Release */,
			);
			defaultConfigurationIsVisible = 0;
		};
/* End XCConfigurationList section */
	};
	rootObject = BC98D8481D90CF9A00E3144F /* Project object */;
}
